<?xml version="1.0" encoding="utf-8"?>
<Project ToolsVersion="4.0" xmlns="http://schemas.microsoft.com/developer/msbuild/2003">
  <ItemGroup>
    <Filter Include="Source Files">
      <UniqueIdentifier>{4FC737F1-C7A5-4376-A066-2A32D752A2FF}</UniqueIdentifier>
      <Extensions>cpp;c;cc;cxx;c++;cppm;ixx;def;odl;idl;hpj;bat;asm;asmx</Extensions>
    </Filter>
    <Filter Include="Header Files">
      <UniqueIdentifier>{93995380-89BD-4b04-88EB-625FBE52EBFB}</UniqueIdentifier>
      <Extensions>h;hh;hpp;hxx;h++;hm;inl;inc;ipp;xsd</Extensions>
    </Filter>
    <Filter Include="Resource Files">
      <UniqueIdentifier>{67DA6AB6-F800-4c08-8B7A-83BB121AAD01}</UniqueIdentifier>
      <Extensions>rc;ico;cur;bmp;dlg;rc2;rct;bin;rgs;gif;jpg;jpeg;jpe;resx;tiff;tif;png;wav;mfcribbon-ms</Extensions>
    </Filter>
  </ItemGroup>
  <ItemGroup>
    <ClInclude Include="..\demographic_cycle.h">
      <Filter>Header Files</Filter>
    </ClInclude>
    <ClInclude Include="..\demographic_sim.h">
      <Filter>Header Files</Filter>
    </ClInclude>
    <ClInclude Include="..\env_grid_cell.h">
      <Filter>Header Files</Filter>
    </ClInclude>
    <ClInclude Include="..\env_param.h">
      <Filter>Header Files</Filter>
    </ClInclude>
    <ClInclude Include="..\environment.h">
      <Filter>Header Files</Filter>
    </ClInclude>
    <ClInclude Include="..\funder_data.h">
      <Filter>Header Files</Filter>
    </ClInclude>
    <ClInclude Include="..\funders.h">
      <Filter>Header Files</Filter>
    </ClInclude>
    <ClInclude Include="..\funders_success.h">
      <Filter>Header Files</Filter>
    </ClInclude>
    <ClInclude Include="..\grn.h">
      <Filter>Header Files</Filter>
    </ClInclude>
    <ClInclude Include="..\ind_param.h">
      <Filter>Header Files</Filter>
    </ClInclude>
    <ClInclude Include="..\individual.h">
      <Filter>Header Files</Filter>
    </ClInclude>
    <ClInclude Include="..\meta_param.h">
      <Filter>Header Files</Filter>
    </ClInclude>
    <ClInclude Include="..\phenotype.h">
      <Filter>Header Files</Filter>
    </ClInclude>
    <ClInclude Include="..\pop_param.h">
      <Filter>Header Files</Filter>
    </ClInclude>
    <ClInclude Include="..\population.h">
      <Filter>Header Files</Filter>
    </ClInclude>
    <ClInclude Include="..\relaxation.hpp">
      <Filter>Header Files</Filter>
    </ClInclude>
    <ClInclude Include="..\sim_parameters.h">
      <Filter>Header Files</Filter>
    </ClInclude>
    <ClInclude Include="..\simulation.h">
      <Filter>Header Files</Filter>
    </ClInclude>
    <ClInclude Include="..\utilities.h">
      <Filter>Header Files</Filter>
    </ClInclude>
  </ItemGroup>
  <ItemGroup>
    <ClCompile Include="..\demographic_cycle.cpp">
      <Filter>Source Files</Filter>
    </ClCompile>
    <ClCompile Include="..\demographic_sim.cpp">
      <Filter>Source Files</Filter>
    </ClCompile>
    <ClCompile Include="..\env_grid_cell.cpp">
      <Filter>Source Files</Filter>
    </ClCompile>
    <ClCompile Include="..\env_param.cpp">
      <Filter>Source Files</Filter>
    </ClCompile>
    <ClCompile Include="..\environment.cpp">
      <Filter>Source Files</Filter>
    </ClCompile>
    <ClCompile Include="..\funder_data.cpp">
      <Filter>Source Files</Filter>
    </ClCompile>
    <ClCompile Include="..\funders.cpp">
      <Filter>Source Files</Filter>
    </ClCompile>
    <ClCompile Include="..\funders_success.cpp">
      <Filter>Source Files</Filter>
    </ClCompile>
    <ClCompile Include="..\grn.cpp">
      <Filter>Source Files</Filter>
    </ClCompile>
    <ClCompile Include="..\ind_param.cpp">
      <Filter>Source Files</Filter>
    </ClCompile>
    <ClCompile Include="..\individual.cpp">
      <Filter>Source Files</Filter>
    </ClCompile>
    <ClCompile Include="..\main.cpp">
      <Filter>Source Files</Filter>
    </ClCompile>
    <ClCompile Include="..\meta_param.cpp">
      <Filter>Source Files</Filter>
    </ClCompile>
    <ClCompile Include="..\phenotype.cpp">
      <Filter>Source Files</Filter>
    </ClCompile>
    <ClCompile Include="..\pop_param.cpp">
      <Filter>Source Files</Filter>
    </ClCompile>
    <ClCompile Include="..\population.cpp">
      <Filter>Source Files</Filter>
    </ClCompile>
    <ClCompile Include="..\relaxation.cpp">
      <Filter>Source Files</Filter>
    </ClCompile>
    <ClCompile Include="..\sim_parameters.cpp">
      <Filter>Source Files</Filter>
    </ClCompile>
    <ClCompile Include="..\simulation.cpp">
      <Filter>Source Files</Filter>
    </ClCompile>
    <ClCompile Include="..\utilities.cpp">
      <Filter>Source Files</Filter>
    </ClCompile>
  </ItemGroup>
</Project>